
Microsoft Visual Studio Solution File, Format Version 12.00
# Visual Studio Version 16
VisualStudioVersion = 16.0.29926.136
MinimumVisualStudioVersion = 10.0.40219.1
Project("{FAE04EC0-301F-11D3-BF4B-00C04F79EFBC}") = "helloword", "helloword.csproj", "{8A898F68-A126-4859-ABD0-4C676995F05A}"
EndProject
Global
	GlobalSection(SolutionConfigurationPlatforms) = preSolution
		Debug|Any CPU = Debug|Any CPU
		Release|Any CPU = Release|Any CPU
	EndGlobalSection
	GlobalSection(ProjectConfigurationPlatforms) = postSolution
		{8A898F68-A126-4859-ABD0-4C676995F05A}.Debug|Any CPU.ActiveCfg = Debug|Any CPU
		{8A898F68-A126-4859-ABD0-4C676995F05A}.Debug|Any CPU.Build.0 = Debug|Any CPU
		{8A898F68-A126-4859-ABD0-4C676995F05A}.Release|Any CPU.ActiveCfg = Release|Any CPU
		{8A898F68-A126-4859-ABD0-4C676995F05A}.Release|Any CPU.Build.0 = Release|Any CPU
	EndGlobalSection
	GlobalSection(SolutionProperties) = preSolution
		HideSolutionNode = FALSE
	EndGlobalSection
	GlobalSection(ExtensibilityGlobals) = postSolution
		SolutionGuid = {CB4DD4FD-A930-41AB-A23A-18491026D204}
	EndGlobalSection
EndGlobal
